// !$*UTF8*$!
{
	archiveVersion = 1;
	classes = {
	};
	objectVersion = 46;
	objects = {

/* Begin PBXBuildFile section */
		330499551A18037D003FEA42 /* PULUserImageView.m in Sources */ = {isa = PBXBuildFile; fileRef = 330499521A18037D003FEA42 /* PULUserImageView.m */; };
		330499561A18037D003FEA42 /* PULPulledUserImageView.m in Sources */ = {isa = PBXBuildFile; fileRef = 330499541A18037D003FEA42 /* PULPulledUserImageView.m */; };
		330499591A1803DA003FEA42 /* PULUserTableCellBackgroundView.m in Sources */ = {isa = PBXBuildFile; fileRef = 330499581A1803DA003FEA42 /* PULUserTableCellBackgroundView.m */; };
		3304995C1A1815F3003FEA42 /* PULPullDirectionArrowView.m in Sources */ = {isa = PBXBuildFile; fileRef = 3304995B1A1815F3003FEA42 /* PULPullDirectionArrowView.m */; };
		3304995F1A182542003FEA42 /* PULPullDetailViewController.m in Sources */ = {isa = PBXBuildFile; fileRef = 3304995E1A182542003FEA42 /* PULPullDetailViewController.m */; };
		33324E921A0EEEE70073F1CA /* NSDate+Utilities.m in Sources */ = {isa = PBXBuildFile; fileRef = 33324E8F1A0EEEE70073F1CA /* NSDate+Utilities.m */; };
		33324E931A0EEEE70073F1CA /* README.md in Sources */ = {isa = PBXBuildFile; fileRef = 33324E901A0EEEE70073F1CA /* README.md */; };
		334044971A17AC3A00B00BC3 /* PULLoginViewController.m in Sources */ = {isa = PBXBuildFile; fileRef = 334044961A17AC3A00B00BC3 /* PULLoginViewController.m */; };
		3340449A1A17ACF900B00BC3 /* PULError.m in Sources */ = {isa = PBXBuildFile; fileRef = 334044991A17ACF900B00BC3 /* PULError.m */; };
		3340449D1A17D33A00B00BC3 /* PULPullListViewController.m in Sources */ = {isa = PBXBuildFile; fileRef = 3340449C1A17D33A00B00BC3 /* PULPullListViewController.m */; };
		334044A41A17DFD200B00BC3 /* facebookLoginButton_Active.png in Resources */ = {isa = PBXBuildFile; fileRef = 334044A21A17DFD200B00BC3 /* facebookLoginButton_Active.png */; };
		334044A51A17DFD200B00BC3 /* facebookLoginButton_Pressed.png in Resources */ = {isa = PBXBuildFile; fileRef = 334044A31A17DFD200B00BC3 /* facebookLoginButton_Pressed.png */; };
		334044BC1A17E22900B00BC3 /* PULCircleButton.m in Sources */ = {isa = PBXBuildFile; fileRef = 334044BB1A17E22900B00BC3 /* PULCircleButton.m */; };
		334044C01A17F80C00B00BC3 /* PULSectionHeader.m in Sources */ = {isa = PBXBuildFile; fileRef = 334044BF1A17F80C00B00BC3 /* PULSectionHeader.m */; };
		334044C61A17F9A100B00BC3 /* PULUserCell.m in Sources */ = {isa = PBXBuildFile; fileRef = 334044C51A17F9A100B00BC3 /* PULUserCell.m */; };
		334044C91A17FD6A00B00BC3 /* PULFriendFinder.m in Sources */ = {isa = PBXBuildFile; fileRef = 334044C81A17FD6A00B00BC3 /* PULFriendFinder.m */; };
		33BD5AC41A0E9EE800F92414 /* PULLocationUpdater.m in Sources */ = {isa = PBXBuildFile; fileRef = 33BD5AC31A0E9EE800F92414 /* PULLocationUpdater.m */; };
		33BD5ACA1A0EA25400F92414 /* Firebase.framework in Frameworks */ = {isa = PBXBuildFile; fileRef = 33BD5AC91A0EA25400F92414 /* Firebase.framework */; };
		33BD5ACD1A0EB50C00F92414 /* PULConstants.m in Sources */ = {isa = PBXBuildFile; fileRef = 33BD5ACC1A0EB50C00F92414 /* PULConstants.m */; };
		33EC2D861A100C6B0055E30B /* FacebookSDK.framework in Frameworks */ = {isa = PBXBuildFile; fileRef = 33EC2D851A100C6B0055E30B /* FacebookSDK.framework */; };
		33EE5F681A1D788700F5F343 /* compass.png in Resources */ = {isa = PBXBuildFile; fileRef = 33EE5F671A1D788700F5F343 /* compass.png */; };
		33EFBCA21A229E0200345A14 /* PULCache.m in Sources */ = {isa = PBXBuildFile; fileRef = 33EFBCA11A229E0200345A14 /* PULCache.m */; };
		952BDB5E1A0C4F0500C67BB5 /* CFNetwork.framework in Frameworks */ = {isa = PBXBuildFile; fileRef = 952BDB5D1A0C4F0500C67BB5 /* CFNetwork.framework */; };
		952BDB601A0C4F0500C67BB5 /* Security.framework in Frameworks */ = {isa = PBXBuildFile; fileRef = 952BDB5F1A0C4F0500C67BB5 /* Security.framework */; };
		952BDB621A0C4F0500C67BB5 /* SystemConfiguration.framework in Frameworks */ = {isa = PBXBuildFile; fileRef = 952BDB611A0C4F0500C67BB5 /* SystemConfiguration.framework */; };
		952BDB671A0C4F0500C67BB5 /* main.m in Sources */ = {isa = PBXBuildFile; fileRef = 952BDB661A0C4F0500C67BB5 /* main.m */; };
		952BDB6A1A0C4F0500C67BB5 /* AppDelegate.m in Sources */ = {isa = PBXBuildFile; fileRef = 952BDB691A0C4F0500C67BB5 /* AppDelegate.m */; };
		952BDB6D1A0C4F0500C67BB5 /* Main.storyboard in Resources */ = {isa = PBXBuildFile; fileRef = 952BDB6B1A0C4F0500C67BB5 /* Main.storyboard */; };
		952BDB741A0C4F0500C67BB5 /* Images.xcassets in Resources */ = {isa = PBXBuildFile; fileRef = 952BDB731A0C4F0500C67BB5 /* Images.xcassets */; };
		952BDB771A0C4F0500C67BB5 /* LaunchScreen.xib in Resources */ = {isa = PBXBuildFile; fileRef = 952BDB751A0C4F0500C67BB5 /* LaunchScreen.xib */; };
		952BDB831A0C4F0500C67BB5 /* PullTests.m in Sources */ = {isa = PBXBuildFile; fileRef = 952BDB821A0C4F0500C67BB5 /* PullTests.m */; };
		952BDB931A0C500C00C67BB5 /* PULUser.m in Sources */ = {isa = PBXBuildFile; fileRef = 952BDB921A0C500C00C67BB5 /* PULUser.m */; };
		952BDB961A0C503200C67BB5 /* PULAccount.m in Sources */ = {isa = PBXBuildFile; fileRef = 952BDB951A0C503200C67BB5 /* PULAccount.m */; };
		952BDB9A1A0C504D00C67BB5 /* PULPullManager.m in Sources */ = {isa = PBXBuildFile; fileRef = 952BDB991A0C504D00C67BB5 /* PULPullManager.m */; };
		952BDB9D1A0C505C00C67BB5 /* PULFriendManager.m in Sources */ = {isa = PBXBuildFile; fileRef = 952BDB9C1A0C505C00C67BB5 /* PULFriendManager.m */; };
		952BDBA01A0C50B300C67BB5 /* PULPull.m in Sources */ = {isa = PBXBuildFile; fileRef = 952BDB9F1A0C50B300C67BB5 /* PULPull.m */; };
/* End PBXBuildFile section */

/* Begin PBXContainerItemProxy section */
		952BDB7D1A0C4F0500C67BB5 /* PBXContainerItemProxy */ = {
			isa = PBXContainerItemProxy;
			containerPortal = 952BDB521A0C4F0500C67BB5 /* Project object */;
			proxyType = 1;
			remoteGlobalIDString = 952BDB591A0C4F0500C67BB5;
			remoteInfo = Pull;
		};
/* End PBXContainerItemProxy section */

/* Begin PBXFileReference section */
		330499511A18037D003FEA42 /* PULUserImageView.h */ = {isa = PBXFileReference; fileEncoding = 4; lastKnownFileType = sourcecode.c.h; path = PULUserImageView.h; sourceTree = "<group>"; };
		330499521A18037D003FEA42 /* PULUserImageView.m */ = {isa = PBXFileReference; fileEncoding = 4; lastKnownFileType = sourcecode.c.objc; path = PULUserImageView.m; sourceTree = "<group>"; };
		330499531A18037D003FEA42 /* PULPulledUserImageView.h */ = {isa = PBXFileReference; fileEncoding = 4; lastKnownFileType = sourcecode.c.h; path = PULPulledUserImageView.h; sourceTree = "<group>"; };
		330499541A18037D003FEA42 /* PULPulledUserImageView.m */ = {isa = PBXFileReference; fileEncoding = 4; lastKnownFileType = sourcecode.c.objc; path = PULPulledUserImageView.m; sourceTree = "<group>"; };
		330499571A1803DA003FEA42 /* PULUserTableCellBackgroundView.h */ = {isa = PBXFileReference; fileEncoding = 4; lastKnownFileType = sourcecode.c.h; path = PULUserTableCellBackgroundView.h; sourceTree = "<group>"; };
		330499581A1803DA003FEA42 /* PULUserTableCellBackgroundView.m */ = {isa = PBXFileReference; fileEncoding = 4; lastKnownFileType = sourcecode.c.objc; path = PULUserTableCellBackgroundView.m; sourceTree = "<group>"; };
		3304995A1A1815F3003FEA42 /* PULPullDirectionArrowView.h */ = {isa = PBXFileReference; fileEncoding = 4; lastKnownFileType = sourcecode.c.h; name = PULPullDirectionArrowView.h; path = UI/Views/PULPullDirectionArrowView.h; sourceTree = "<group>"; };
		3304995B1A1815F3003FEA42 /* PULPullDirectionArrowView.m */ = {isa = PBXFileReference; fileEncoding = 4; lastKnownFileType = sourcecode.c.objc; name = PULPullDirectionArrowView.m; path = UI/Views/PULPullDirectionArrowView.m; sourceTree = "<group>"; };
		3304995D1A182542003FEA42 /* PULPullDetailViewController.h */ = {isa = PBXFileReference; fileEncoding = 4; lastKnownFileType = sourcecode.c.h; name = PULPullDetailViewController.h; path = "View Controllers/PULPullDetailViewController.h"; sourceTree = "<group>"; };
		3304995E1A182542003FEA42 /* PULPullDetailViewController.m */ = {isa = PBXFileReference; fileEncoding = 4; lastKnownFileType = sourcecode.c.objc; name = PULPullDetailViewController.m; path = "View Controllers/PULPullDetailViewController.m"; sourceTree = "<group>"; };
		33324E8E1A0EEEE70073F1CA /* NSDate+Utilities.h */ = {isa = PBXFileReference; fileEncoding = 4; lastKnownFileType = sourcecode.c.h; path = "NSDate+Utilities.h"; sourceTree = "<group>"; };
		33324E8F1A0EEEE70073F1CA /* NSDate+Utilities.m */ = {isa = PBXFileReference; fileEncoding = 4; lastKnownFileType = sourcecode.c.objc; path = "NSDate+Utilities.m"; sourceTree = "<group>"; };
		33324E901A0EEEE70073F1CA /* README.md */ = {isa = PBXFileReference; fileEncoding = 4; lastKnownFileType = net.daringfireball.markdown; path = README.md; sourceTree = "<group>"; };
		334044951A17AC3A00B00BC3 /* PULLoginViewController.h */ = {isa = PBXFileReference; fileEncoding = 4; lastKnownFileType = sourcecode.c.h; name = PULLoginViewController.h; path = "View Controllers/PULLoginViewController.h"; sourceTree = "<group>"; };
		334044961A17AC3A00B00BC3 /* PULLoginViewController.m */ = {isa = PBXFileReference; fileEncoding = 4; lastKnownFileType = sourcecode.c.objc; name = PULLoginViewController.m; path = "View Controllers/PULLoginViewController.m"; sourceTree = "<group>"; };
		334044981A17ACF900B00BC3 /* PULError.h */ = {isa = PBXFileReference; fileEncoding = 4; lastKnownFileType = sourcecode.c.h; path = PULError.h; sourceTree = "<group>"; };
		334044991A17ACF900B00BC3 /* PULError.m */ = {isa = PBXFileReference; fileEncoding = 4; lastKnownFileType = sourcecode.c.objc; path = PULError.m; sourceTree = "<group>"; };
		3340449B1A17D33A00B00BC3 /* PULPullListViewController.h */ = {isa = PBXFileReference; fileEncoding = 4; lastKnownFileType = sourcecode.c.h; name = PULPullListViewController.h; path = "View Controllers/PULPullListViewController.h"; sourceTree = "<group>"; };
		3340449C1A17D33A00B00BC3 /* PULPullListViewController.m */ = {isa = PBXFileReference; fileEncoding = 4; lastKnownFileType = sourcecode.c.objc; name = PULPullListViewController.m; path = "View Controllers/PULPullListViewController.m"; sourceTree = "<group>"; };
		334044A21A17DFD200B00BC3 /* facebookLoginButton_Active.png */ = {isa = PBXFileReference; lastKnownFileType = image.png; path = facebookLoginButton_Active.png; sourceTree = "<group>"; };
		334044A31A17DFD200B00BC3 /* facebookLoginButton_Pressed.png */ = {isa = PBXFileReference; lastKnownFileType = image.png; path = facebookLoginButton_Pressed.png; sourceTree = "<group>"; };
		334044BA1A17E22900B00BC3 /* PULCircleButton.h */ = {isa = PBXFileReference; fileEncoding = 4; lastKnownFileType = sourcecode.c.h; path = PULCircleButton.h; sourceTree = "<group>"; };
		334044BB1A17E22900B00BC3 /* PULCircleButton.m */ = {isa = PBXFileReference; fileEncoding = 4; lastKnownFileType = sourcecode.c.objc; path = PULCircleButton.m; sourceTree = "<group>"; };
		334044BE1A17F80C00B00BC3 /* PULSectionHeader.h */ = {isa = PBXFileReference; fileEncoding = 4; lastKnownFileType = sourcecode.c.h; name = PULSectionHeader.h; path = UI/Views/PULSectionHeader.h; sourceTree = "<group>"; };
		334044BF1A17F80C00B00BC3 /* PULSectionHeader.m */ = {isa = PBXFileReference; fileEncoding = 4; lastKnownFileType = sourcecode.c.objc; name = PULSectionHeader.m; path = UI/Views/PULSectionHeader.m; sourceTree = "<group>"; };
		334044C41A17F9A100B00BC3 /* PULUserCell.h */ = {isa = PBXFileReference; fileEncoding = 4; lastKnownFileType = sourcecode.c.h; name = PULUserCell.h; path = "UI/Cells/Table Cells/PULUserCell.h"; sourceTree = "<group>"; };
		334044C51A17F9A100B00BC3 /* PULUserCell.m */ = {isa = PBXFileReference; fileEncoding = 4; lastKnownFileType = sourcecode.c.objc; name = PULUserCell.m; path = "UI/Cells/Table Cells/PULUserCell.m"; sourceTree = "<group>"; };
		334044C71A17FD6A00B00BC3 /* PULFriendFinder.h */ = {isa = PBXFileReference; fileEncoding = 4; lastKnownFileType = sourcecode.c.h; name = PULFriendFinder.h; path = Services/PULFriendFinder.h; sourceTree = "<group>"; };
		334044C81A17FD6A00B00BC3 /* PULFriendFinder.m */ = {isa = PBXFileReference; fileEncoding = 4; lastKnownFileType = sourcecode.c.objc; name = PULFriendFinder.m; path = Services/PULFriendFinder.m; sourceTree = "<group>"; };
		33BD5AC21A0E9EE800F92414 /* PULLocationUpdater.h */ = {isa = PBXFileReference; fileEncoding = 4; lastKnownFileType = sourcecode.c.h; path = PULLocationUpdater.h; sourceTree = "<group>"; };
		33BD5AC31A0E9EE800F92414 /* PULLocationUpdater.m */ = {isa = PBXFileReference; fileEncoding = 4; lastKnownFileType = sourcecode.c.objc; path = PULLocationUpdater.m; sourceTree = "<group>"; };
		33BD5AC61A0E9F8400F92414 /* PULMacros.h */ = {isa = PBXFileReference; lastKnownFileType = sourcecode.c.h; path = PULMacros.h; sourceTree = "<group>"; };
		33BD5AC81A0EA1C500F92414 /* Pull-Prefix.pch */ = {isa = PBXFileReference; lastKnownFileType = sourcecode.c.h; path = "Pull-Prefix.pch"; sourceTree = "<group>"; };
		33BD5AC91A0EA25400F92414 /* Firebase.framework */ = {isa = PBXFileReference; lastKnownFileType = wrapper.framework; path = Firebase.framework; sourceTree = "<group>"; };
		33BD5ACB1A0EB50C00F92414 /* PULConstants.h */ = {isa = PBXFileReference; fileEncoding = 4; lastKnownFileType = sourcecode.c.h; path = PULConstants.h; sourceTree = "<group>"; };
		33BD5ACC1A0EB50C00F92414 /* PULConstants.m */ = {isa = PBXFileReference; fileEncoding = 4; lastKnownFileType = sourcecode.c.objc; path = PULConstants.m; sourceTree = "<group>"; };
		33BD5ACF1A0EBDE400F92414 /* PULFirebaseProtocol.h */ = {isa = PBXFileReference; fileEncoding = 4; lastKnownFileType = sourcecode.c.h; path = PULFirebaseProtocol.h; sourceTree = "<group>"; };
		33EC2D851A100C6B0055E30B /* FacebookSDK.framework */ = {isa = PBXFileReference; lastKnownFileType = wrapper.framework; path = FacebookSDK.framework; sourceTree = "<group>"; };
		33EE5F671A1D788700F5F343 /* compass.png */ = {isa = PBXFileReference; lastKnownFileType = image.png; path = compass.png; sourceTree = "<group>"; };
		33EFBCA01A229E0200345A14 /* PULCache.h */ = {isa = PBXFileReference; fileEncoding = 4; lastKnownFileType = sourcecode.c.h; path = PULCache.h; sourceTree = "<group>"; };
		33EFBCA11A229E0200345A14 /* PULCache.m */ = {isa = PBXFileReference; fileEncoding = 4; lastKnownFileType = sourcecode.c.objc; path = PULCache.m; sourceTree = "<group>"; };
		952BDB5A1A0C4F0500C67BB5 /* Pull.app */ = {isa = PBXFileReference; explicitFileType = wrapper.application; includeInIndex = 0; path = Pull.app; sourceTree = BUILT_PRODUCTS_DIR; };
		952BDB5D1A0C4F0500C67BB5 /* CFNetwork.framework */ = {isa = PBXFileReference; lastKnownFileType = wrapper.framework; name = CFNetwork.framework; path = System/Library/Frameworks/CFNetwork.framework; sourceTree = SDKROOT; };
		952BDB5F1A0C4F0500C67BB5 /* Security.framework */ = {isa = PBXFileReference; lastKnownFileType = wrapper.framework; name = Security.framework; path = System/Library/Frameworks/Security.framework; sourceTree = SDKROOT; };
		952BDB611A0C4F0500C67BB5 /* SystemConfiguration.framework */ = {isa = PBXFileReference; lastKnownFileType = wrapper.framework; name = SystemConfiguration.framework; path = System/Library/Frameworks/SystemConfiguration.framework; sourceTree = SDKROOT; };
		952BDB651A0C4F0500C67BB5 /* Info.plist */ = {isa = PBXFileReference; lastKnownFileType = text.plist.xml; path = Info.plist; sourceTree = "<group>"; };
		952BDB661A0C4F0500C67BB5 /* main.m */ = {isa = PBXFileReference; lastKnownFileType = sourcecode.c.objc; path = main.m; sourceTree = "<group>"; };
		952BDB681A0C4F0500C67BB5 /* AppDelegate.h */ = {isa = PBXFileReference; lastKnownFileType = sourcecode.c.h; path = AppDelegate.h; sourceTree = "<group>"; };
		952BDB691A0C4F0500C67BB5 /* AppDelegate.m */ = {isa = PBXFileReference; lastKnownFileType = sourcecode.c.objc; path = AppDelegate.m; sourceTree = "<group>"; };
		952BDB6C1A0C4F0500C67BB5 /* Base */ = {isa = PBXFileReference; lastKnownFileType = file.storyboard; name = Base; path = Base.lproj/Main.storyboard; sourceTree = "<group>"; };
		952BDB731A0C4F0500C67BB5 /* Images.xcassets */ = {isa = PBXFileReference; lastKnownFileType = folder.assetcatalog; path = Images.xcassets; sourceTree = "<group>"; };
		952BDB761A0C4F0500C67BB5 /* Base */ = {isa = PBXFileReference; lastKnownFileType = file.xib; name = Base; path = Base.lproj/LaunchScreen.xib; sourceTree = "<group>"; };
		952BDB7C1A0C4F0500C67BB5 /* PullTests.xctest */ = {isa = PBXFileReference; explicitFileType = wrapper.cfbundle; includeInIndex = 0; path = PullTests.xctest; sourceTree = BUILT_PRODUCTS_DIR; };
		952BDB811A0C4F0500C67BB5 /* Info.plist */ = {isa = PBXFileReference; lastKnownFileType = text.plist.xml; path = Info.plist; sourceTree = "<group>"; };
		952BDB821A0C4F0500C67BB5 /* PullTests.m */ = {isa = PBXFileReference; lastKnownFileType = sourcecode.c.objc; path = PullTests.m; sourceTree = "<group>"; };
		952BDB911A0C500C00C67BB5 /* PULUser.h */ = {isa = PBXFileReference; fileEncoding = 4; lastKnownFileType = sourcecode.c.h; path = PULUser.h; sourceTree = "<group>"; };
		952BDB921A0C500C00C67BB5 /* PULUser.m */ = {isa = PBXFileReference; fileEncoding = 4; lastKnownFileType = sourcecode.c.objc; path = PULUser.m; sourceTree = "<group>"; };
		952BDB941A0C503200C67BB5 /* PULAccount.h */ = {isa = PBXFileReference; fileEncoding = 4; lastKnownFileType = sourcecode.c.h; path = PULAccount.h; sourceTree = "<group>"; };
		952BDB951A0C503200C67BB5 /* PULAccount.m */ = {isa = PBXFileReference; fileEncoding = 4; lastKnownFileType = sourcecode.c.objc; path = PULAccount.m; sourceTree = "<group>"; };
		952BDB981A0C504D00C67BB5 /* PULPullManager.h */ = {isa = PBXFileReference; fileEncoding = 4; lastKnownFileType = sourcecode.c.h; path = PULPullManager.h; sourceTree = "<group>"; };
		952BDB991A0C504D00C67BB5 /* PULPullManager.m */ = {isa = PBXFileReference; fileEncoding = 4; lastKnownFileType = sourcecode.c.objc; path = PULPullManager.m; sourceTree = "<group>"; };
		952BDB9B1A0C505C00C67BB5 /* PULFriendManager.h */ = {isa = PBXFileReference; fileEncoding = 4; lastKnownFileType = sourcecode.c.h; path = PULFriendManager.h; sourceTree = "<group>"; };
		952BDB9C1A0C505C00C67BB5 /* PULFriendManager.m */ = {isa = PBXFileReference; fileEncoding = 4; lastKnownFileType = sourcecode.c.objc; path = PULFriendManager.m; sourceTree = "<group>"; };
		952BDB9E1A0C50B300C67BB5 /* PULPull.h */ = {isa = PBXFileReference; fileEncoding = 4; lastKnownFileType = sourcecode.c.h; path = PULPull.h; sourceTree = "<group>"; };
		952BDB9F1A0C50B300C67BB5 /* PULPull.m */ = {isa = PBXFileReference; fileEncoding = 4; lastKnownFileType = sourcecode.c.objc; path = PULPull.m; sourceTree = "<group>"; };
/* End PBXFileReference section */

/* Begin PBXFrameworksBuildPhase section */
		952BDB571A0C4F0500C67BB5 /* Frameworks */ = {
			isa = PBXFrameworksBuildPhase;
			buildActionMask = 2147483647;
			files = (
				952BDB601A0C4F0500C67BB5 /* Security.framework in Frameworks */,
				33EC2D861A100C6B0055E30B /* FacebookSDK.framework in Frameworks */,
				952BDB621A0C4F0500C67BB5 /* SystemConfiguration.framework in Frameworks */,
				952BDB5E1A0C4F0500C67BB5 /* CFNetwork.framework in Frameworks */,
				33BD5ACA1A0EA25400F92414 /* Firebase.framework in Frameworks */,
			);
			runOnlyForDeploymentPostprocessing = 0;
		};
		952BDB791A0C4F0500C67BB5 /* Frameworks */ = {
			isa = PBXFrameworksBuildPhase;
			buildActionMask = 2147483647;
			files = (
			);
			runOnlyForDeploymentPostprocessing = 0;
		};
/* End PBXFrameworksBuildPhase section */

/* Begin PBXGroup section */
		330499501A18036F003FEA42 /* Image Views */ = {
			isa = PBXGroup;
			children = (
				330499511A18037D003FEA42 /* PULUserImageView.h */,
				330499521A18037D003FEA42 /* PULUserImageView.m */,
				330499531A18037D003FEA42 /* PULPulledUserImageView.h */,
				330499541A18037D003FEA42 /* PULPulledUserImageView.m */,
			);
			name = "Image Views";
			sourceTree = "<group>";
		};
		33324E8B1A0EEED40073F1CA /* Vendor */ = {
			isa = PBXGroup;
			children = (
				33324E8C1A0EEEE70073F1CA /* NSDate-Extensions-master */,
			);
			name = Vendor;
			sourceTree = "<group>";
		};
		33324E8C1A0EEEE70073F1CA /* NSDate-Extensions-master */ = {
			isa = PBXGroup;
			children = (
				33324E8E1A0EEEE70073F1CA /* NSDate+Utilities.h */,
				33324E8F1A0EEEE70073F1CA /* NSDate+Utilities.m */,
				33324E901A0EEEE70073F1CA /* README.md */,
			);
			path = "NSDate-Extensions-master";
			sourceTree = "<group>";
		};
		334044941A17ABFC00B00BC3 /* View Controllers */ = {
			isa = PBXGroup;
			children = (
				334044951A17AC3A00B00BC3 /* PULLoginViewController.h */,
				334044961A17AC3A00B00BC3 /* PULLoginViewController.m */,
				3340449B1A17D33A00B00BC3 /* PULPullListViewController.h */,
				3340449C1A17D33A00B00BC3 /* PULPullListViewController.m */,
				3304995D1A182542003FEA42 /* PULPullDetailViewController.h */,
				3304995E1A182542003FEA42 /* PULPullDetailViewController.m */,
			);
			name = "View Controllers";
			sourceTree = "<group>";
		};
		3340449E1A17DC7900B00BC3 /* Images */ = {
			isa = PBXGroup;
			children = (
				33EE5F671A1D788700F5F343 /* compass.png */,
				3340449F1A17DC8000B00BC3 /* Buttons */,
			);
			name = Images;
			sourceTree = "<group>";
		};
		3340449F1A17DC8000B00BC3 /* Buttons */ = {
			isa = PBXGroup;
			children = (
				334044A21A17DFD200B00BC3 /* facebookLoginButton_Active.png */,
				334044A31A17DFD200B00BC3 /* facebookLoginButton_Pressed.png */,
			);
			name = Buttons;
			sourceTree = "<group>";
		};
		334044A61A17E15200B00BC3 /* UI */ = {
			isa = PBXGroup;
			children = (
				334044B91A17E21D00B00BC3 /* Buttons */,
				334044C11A17F96600B00BC3 /* Cells */,
				330499501A18036F003FEA42 /* Image Views */,
				334044BD1A17F7D500B00BC3 /* Views */,
			);
			name = UI;
			sourceTree = "<group>";
		};
		334044B91A17E21D00B00BC3 /* Buttons */ = {
			isa = PBXGroup;
			children = (
				334044BA1A17E22900B00BC3 /* PULCircleButton.h */,
				334044BB1A17E22900B00BC3 /* PULCircleButton.m */,
			);
			name = Buttons;
			sourceTree = "<group>";
		};
		334044BD1A17F7D500B00BC3 /* Views */ = {
			isa = PBXGroup;
			children = (
				330499571A1803DA003FEA42 /* PULUserTableCellBackgroundView.h */,
				330499581A1803DA003FEA42 /* PULUserTableCellBackgroundView.m */,
				334044BE1A17F80C00B00BC3 /* PULSectionHeader.h */,
				334044BF1A17F80C00B00BC3 /* PULSectionHeader.m */,
				3304995A1A1815F3003FEA42 /* PULPullDirectionArrowView.h */,
				3304995B1A1815F3003FEA42 /* PULPullDirectionArrowView.m */,
			);
			name = Views;
			sourceTree = "<group>";
		};
		334044C11A17F96600B00BC3 /* Cells */ = {
			isa = PBXGroup;
			children = (
				334044C31A17F97A00B00BC3 /* Collection Cells */,
				334044C21A17F97400B00BC3 /* Table Cells */,
			);
			name = Cells;
			sourceTree = "<group>";
		};
		334044C21A17F97400B00BC3 /* Table Cells */ = {
			isa = PBXGroup;
			children = (
				334044C41A17F9A100B00BC3 /* PULUserCell.h */,
				334044C51A17F9A100B00BC3 /* PULUserCell.m */,
			);
			name = "Table Cells";
			sourceTree = "<group>";
		};
		334044C31A17F97A00B00BC3 /* Collection Cells */ = {
			isa = PBXGroup;
			children = (
			);
			name = "Collection Cells";
			sourceTree = "<group>";
		};
		33BD5AC11A0E9ED400F92414 /* Services */ = {
			isa = PBXGroup;
			children = (
				33EFBCA01A229E0200345A14 /* PULCache.h */,
				33EFBCA11A229E0200345A14 /* PULCache.m */,
				33BD5AC21A0E9EE800F92414 /* PULLocationUpdater.h */,
				33BD5AC31A0E9EE800F92414 /* PULLocationUpdater.m */,
				334044C71A17FD6A00B00BC3 /* PULFriendFinder.h */,
				334044C81A17FD6A00B00BC3 /* PULFriendFinder.m */,
			);
			name = Services;
			sourceTree = "<group>";
		};
		33BD5AC51A0E9F7C00F92414 /* Headers */ = {
			isa = PBXGroup;
			children = (
				33BD5ACB1A0EB50C00F92414 /* PULConstants.h */,
				33BD5ACC1A0EB50C00F92414 /* PULConstants.m */,
				33BD5AC61A0E9F8400F92414 /* PULMacros.h */,
			);
			name = Headers;
			sourceTree = "<group>";
		};
		33BD5ACE1A0EBDBB00F92414 /* Protocols */ = {
			isa = PBXGroup;
			children = (
				33BD5ACF1A0EBDE400F92414 /* PULFirebaseProtocol.h */,
			);
			name = Protocols;
			sourceTree = "<group>";
		};
		952BDB511A0C4F0500C67BB5 = {
			isa = PBXGroup;
			children = (
				33BD5AC81A0EA1C500F92414 /* Pull-Prefix.pch */,
				952BDB631A0C4F0500C67BB5 /* Pull */,
				952BDB7F1A0C4F0500C67BB5 /* PullTests */,
				952BDB5C1A0C4F0500C67BB5 /* Frameworks */,
				952BDB5B1A0C4F0500C67BB5 /* Products */,
			);
			sourceTree = "<group>";
		};
		952BDB5B1A0C4F0500C67BB5 /* Products */ = {
			isa = PBXGroup;
			children = (
				952BDB5A1A0C4F0500C67BB5 /* Pull.app */,
				952BDB7C1A0C4F0500C67BB5 /* PullTests.xctest */,
			);
			name = Products;
			sourceTree = "<group>";
		};
		952BDB5C1A0C4F0500C67BB5 /* Frameworks */ = {
			isa = PBXGroup;
			children = (
				33EC2D851A100C6B0055E30B /* FacebookSDK.framework */,
				33BD5AC91A0EA25400F92414 /* Firebase.framework */,
				952BDB5D1A0C4F0500C67BB5 /* CFNetwork.framework */,
				952BDB5F1A0C4F0500C67BB5 /* Security.framework */,
				952BDB611A0C4F0500C67BB5 /* SystemConfiguration.framework */,
			);
			name = Frameworks;
			sourceTree = "<group>";
		};
		952BDB631A0C4F0500C67BB5 /* Pull */ = {
			isa = PBXGroup;
			children = (
				952BDB8C1A0C4F4D00C67BB5 /* Classes */,
				33BD5AC51A0E9F7C00F92414 /* Headers */,
				952BDB8E1A0C4F6D00C67BB5 /* UI */,
				952BDB8F1A0C4F7300C67BB5 /* Resources */,
				952BDB641A0C4F0500C67BB5 /* Supporting Files */,
			);
			path = Pull;
			sourceTree = "<group>";
		};
		952BDB641A0C4F0500C67BB5 /* Supporting Files */ = {
			isa = PBXGroup;
			children = (
				952BDB651A0C4F0500C67BB5 /* Info.plist */,
				952BDB661A0C4F0500C67BB5 /* main.m */,
			);
			path = "Supporting Files";
			sourceTree = "<group>";
		};
		952BDB7F1A0C4F0500C67BB5 /* PullTests */ = {
			isa = PBXGroup;
			children = (
				952BDB821A0C4F0500C67BB5 /* PullTests.m */,
				952BDB801A0C4F0500C67BB5 /* Supporting Files */,
			);
			path = PullTests;
			sourceTree = "<group>";
		};
		952BDB801A0C4F0500C67BB5 /* Supporting Files */ = {
			isa = PBXGroup;
			children = (
				952BDB811A0C4F0500C67BB5 /* Info.plist */,
			);
			path = "Supporting Files";
			sourceTree = "<group>";
		};
		952BDB8C1A0C4F4D00C67BB5 /* Classes */ = {
			isa = PBXGroup;
			children = (
				952BDB8D1A0C4F5500C67BB5 /* App */,
				952BDB971A0C503E00C67BB5 /* Managers */,
				952BDB901A0C4FA400C67BB5 /* Models */,
				33BD5ACE1A0EBDBB00F92414 /* Protocols */,
				33BD5AC11A0E9ED400F92414 /* Services */,
				334044A61A17E15200B00BC3 /* UI */,
				334044941A17ABFC00B00BC3 /* View Controllers */,
				33324E8B1A0EEED40073F1CA /* Vendor */,
				334044981A17ACF900B00BC3 /* PULError.h */,
				334044991A17ACF900B00BC3 /* PULError.m */,
			);
			path = Classes;
			sourceTree = "<group>";
		};
		952BDB8D1A0C4F5500C67BB5 /* App */ = {
			isa = PBXGroup;
			children = (
				952BDB681A0C4F0500C67BB5 /* AppDelegate.h */,
				952BDB691A0C4F0500C67BB5 /* AppDelegate.m */,
			);
			path = App;
			sourceTree = "<group>";
		};
		952BDB8E1A0C4F6D00C67BB5 /* UI */ = {
			isa = PBXGroup;
			children = (
				952BDB6B1A0C4F0500C67BB5 /* Main.storyboard */,
				952BDB751A0C4F0500C67BB5 /* LaunchScreen.xib */,
			);
			path = UI;
			sourceTree = "<group>";
		};
		952BDB8F1A0C4F7300C67BB5 /* Resources */ = {
			isa = PBXGroup;
			children = (
				3340449E1A17DC7900B00BC3 /* Images */,
				952BDB731A0C4F0500C67BB5 /* Images.xcassets */,
			);
			path = Resources;
			sourceTree = "<group>";
		};
		952BDB901A0C4FA400C67BB5 /* Models */ = {
			isa = PBXGroup;
			children = (
				952BDB941A0C503200C67BB5 /* PULAccount.h */,
				952BDB951A0C503200C67BB5 /* PULAccount.m */,
				952BDB9E1A0C50B300C67BB5 /* PULPull.h */,
				952BDB9F1A0C50B300C67BB5 /* PULPull.m */,
				952BDB911A0C500C00C67BB5 /* PULUser.h */,
				952BDB921A0C500C00C67BB5 /* PULUser.m */,
			);
			path = Models;
			sourceTree = "<group>";
		};
		952BDB971A0C503E00C67BB5 /* Managers */ = {
			isa = PBXGroup;
			children = (
				952BDB9B1A0C505C00C67BB5 /* PULFriendManager.h */,
				952BDB9C1A0C505C00C67BB5 /* PULFriendManager.m */,
				952BDB981A0C504D00C67BB5 /* PULPullManager.h */,
				952BDB991A0C504D00C67BB5 /* PULPullManager.m */,
			);
			path = Managers;
			sourceTree = "<group>";
		};
/* End PBXGroup section */

/* Begin PBXNativeTarget section */
		952BDB591A0C4F0500C67BB5 /* Pull */ = {
			isa = PBXNativeTarget;
			buildConfigurationList = 952BDB861A0C4F0500C67BB5 /* Build configuration list for PBXNativeTarget "Pull" */;
			buildPhases = (
				952BDB561A0C4F0500C67BB5 /* Sources */,
				952BDB571A0C4F0500C67BB5 /* Frameworks */,
				952BDB581A0C4F0500C67BB5 /* Resources */,
			);
			buildRules = (
			);
			dependencies = (
			);
			name = Pull;
			productName = Pull;
			productReference = 952BDB5A1A0C4F0500C67BB5 /* Pull.app */;
			productType = "com.apple.product-type.application";
		};
		952BDB7B1A0C4F0500C67BB5 /* PullTests */ = {
			isa = PBXNativeTarget;
			buildConfigurationList = 952BDB891A0C4F0500C67BB5 /* Build configuration list for PBXNativeTarget "PullTests" */;
			buildPhases = (
				952BDB781A0C4F0500C67BB5 /* Sources */,
				952BDB791A0C4F0500C67BB5 /* Frameworks */,
				952BDB7A1A0C4F0500C67BB5 /* Resources */,
			);
			buildRules = (
			);
			dependencies = (
				952BDB7E1A0C4F0500C67BB5 /* PBXTargetDependency */,
			);
			name = PullTests;
			productName = PullTests;
			productReference = 952BDB7C1A0C4F0500C67BB5 /* PullTests.xctest */;
			productType = "com.apple.product-type.bundle.unit-test";
		};
/* End PBXNativeTarget section */

/* Begin PBXProject section */
		952BDB521A0C4F0500C67BB5 /* Project object */ = {
			isa = PBXProject;
			attributes = {
				LastUpgradeCheck = 0610;
				ORGANIZATIONNAME = "Pull LLC";
				TargetAttributes = {
					952BDB591A0C4F0500C67BB5 = {
						CreatedOnToolsVersion = 6.1;
						DevelopmentTeam = 894BCL9P67;
					};
					952BDB7B1A0C4F0500C67BB5 = {
						CreatedOnToolsVersion = 6.1;
						TestTargetID = 952BDB591A0C4F0500C67BB5;
					};
				};
			};
			buildConfigurationList = 952BDB551A0C4F0500C67BB5 /* Build configuration list for PBXProject "Pull" */;
			compatibilityVersion = "Xcode 3.2";
			developmentRegion = English;
			hasScannedForEncodings = 0;
			knownRegions = (
				en,
				Base,
			);
			mainGroup = 952BDB511A0C4F0500C67BB5;
			productRefGroup = 952BDB5B1A0C4F0500C67BB5 /* Products */;
			projectDirPath = "";
			projectRoot = "";
			targets = (
				952BDB591A0C4F0500C67BB5 /* Pull */,
				952BDB7B1A0C4F0500C67BB5 /* PullTests */,
			);
		};
/* End PBXProject section */

/* Begin PBXResourcesBuildPhase section */
		952BDB581A0C4F0500C67BB5 /* Resources */ = {
			isa = PBXResourcesBuildPhase;
			buildActionMask = 2147483647;
			files = (
				952BDB6D1A0C4F0500C67BB5 /* Main.storyboard in Resources */,
				952BDB771A0C4F0500C67BB5 /* LaunchScreen.xib in Resources */,
				952BDB741A0C4F0500C67BB5 /* Images.xcassets in Resources */,
				334044A51A17DFD200B00BC3 /* facebookLoginButton_Pressed.png in Resources */,
				33EE5F681A1D788700F5F343 /* compass.png in Resources */,
				334044A41A17DFD200B00BC3 /* facebookLoginButton_Active.png in Resources */,
			);
			runOnlyForDeploymentPostprocessing = 0;
		};
		952BDB7A1A0C4F0500C67BB5 /* Resources */ = {
			isa = PBXResourcesBuildPhase;
			buildActionMask = 2147483647;
			files = (
			);
			runOnlyForDeploymentPostprocessing = 0;
		};
/* End PBXResourcesBuildPhase section */

/* Begin PBXSourcesBuildPhase section */
		952BDB561A0C4F0500C67BB5 /* Sources */ = {
			isa = PBXSourcesBuildPhase;
			buildActionMask = 2147483647;
			files = (
				334044971A17AC3A00B00BC3 /* PULLoginViewController.m in Sources */,
				952BDB6A1A0C4F0500C67BB5 /* AppDelegate.m in Sources */,
				952BDBA01A0C50B300C67BB5 /* PULPull.m in Sources */,
				3340449D1A17D33A00B00BC3 /* PULPullListViewController.m in Sources */,
				952BDB961A0C503200C67BB5 /* PULAccount.m in Sources */,
				334044C61A17F9A100B00BC3 /* PULUserCell.m in Sources */,
				330499551A18037D003FEA42 /* PULUserImageView.m in Sources */,
				3304995C1A1815F3003FEA42 /* PULPullDirectionArrowView.m in Sources */,
				952BDB9A1A0C504D00C67BB5 /* PULPullManager.m in Sources */,
				952BDB9D1A0C505C00C67BB5 /* PULFriendManager.m in Sources */,
				33BD5ACD1A0EB50C00F92414 /* PULConstants.m in Sources */,
				334044BC1A17E22900B00BC3 /* PULCircleButton.m in Sources */,
				330499561A18037D003FEA42 /* PULPulledUserImageView.m in Sources */,
				952BDB931A0C500C00C67BB5 /* PULUser.m in Sources */,
				334044C91A17FD6A00B00BC3 /* PULFriendFinder.m in Sources */,
				33BD5AC41A0E9EE800F92414 /* PULLocationUpdater.m in Sources */,
				952BDB671A0C4F0500C67BB5 /* main.m in Sources */,
				334044C01A17F80C00B00BC3 /* PULSectionHeader.m in Sources */,
				33EFBCA21A229E0200345A14 /* PULCache.m in Sources */,
				3304995F1A182542003FEA42 /* PULPullDetailViewController.m in Sources */,
				330499591A1803DA003FEA42 /* PULUserTableCellBackgroundView.m in Sources */,
				3340449A1A17ACF900B00BC3 /* PULError.m in Sources */,
				33324E931A0EEEE70073F1CA /* README.md in Sources */,
				33324E921A0EEEE70073F1CA /* NSDate+Utilities.m in Sources */,
			);
			runOnlyForDeploymentPostprocessing = 0;
		};
		952BDB781A0C4F0500C67BB5 /* Sources */ = {
			isa = PBXSourcesBuildPhase;
			buildActionMask = 2147483647;
			files = (
				952BDB831A0C4F0500C67BB5 /* PullTests.m in Sources */,
			);
			runOnlyForDeploymentPostprocessing = 0;
		};
/* End PBXSourcesBuildPhase section */

/* Begin PBXTargetDependency section */
		952BDB7E1A0C4F0500C67BB5 /* PBXTargetDependency */ = {
			isa = PBXTargetDependency;
			target = 952BDB591A0C4F0500C67BB5 /* Pull */;
			targetProxy = 952BDB7D1A0C4F0500C67BB5 /* PBXContainerItemProxy */;
		};
/* End PBXTargetDependency section */

/* Begin PBXVariantGroup section */
		952BDB6B1A0C4F0500C67BB5 /* Main.storyboard */ = {
			isa = PBXVariantGroup;
			children = (
				952BDB6C1A0C4F0500C67BB5 /* Base */,
			);
			name = Main.storyboard;
			sourceTree = "<group>";
		};
		952BDB751A0C4F0500C67BB5 /* LaunchScreen.xib */ = {
			isa = PBXVariantGroup;
			children = (
				952BDB761A0C4F0500C67BB5 /* Base */,
			);
			name = LaunchScreen.xib;
			sourceTree = "<group>";
		};
/* End PBXVariantGroup section */

/* Begin XCBuildConfiguration section */
		952BDB841A0C4F0500C67BB5 /* Debug */ = {
			isa = XCBuildConfiguration;
			buildSettings = {
				ALWAYS_SEARCH_USER_PATHS = NO;
				CLANG_CXX_LANGUAGE_STANDARD = "gnu++0x";
				CLANG_CXX_LIBRARY = "libc++";
				CLANG_ENABLE_MODULES = YES;
				CLANG_ENABLE_OBJC_ARC = YES;
				CLANG_WARN_BOOL_CONVERSION = YES;
				CLANG_WARN_CONSTANT_CONVERSION = YES;
				CLANG_WARN_DIRECT_OBJC_ISA_USAGE = YES_ERROR;
				CLANG_WARN_EMPTY_BODY = YES;
				CLANG_WARN_ENUM_CONVERSION = YES;
				CLANG_WARN_INT_CONVERSION = YES;
				CLANG_WARN_OBJC_ROOT_CLASS = YES_ERROR;
				CLANG_WARN_UNREACHABLE_CODE = YES;
				CLANG_WARN__DUPLICATE_METHOD_MATCH = YES;
				"CODE_SIGN_IDENTITY[sdk=iphoneos*]" = "iPhone Developer";
				COPY_PHASE_STRIP = NO;
				ENABLE_STRICT_OBJC_MSGSEND = YES;
				GCC_C_LANGUAGE_STANDARD = gnu99;
				GCC_DYNAMIC_NO_PIC = NO;
				GCC_OPTIMIZATION_LEVEL = 0;
				GCC_PREPROCESSOR_DEFINITIONS = (
					"DEBUG=1",
					"$(inherited)",
				);
				GCC_SYMBOLS_PRIVATE_EXTERN = NO;
				GCC_WARN_64_TO_32_BIT_CONVERSION = YES;
				GCC_WARN_ABOUT_RETURN_TYPE = YES_ERROR;
				GCC_WARN_UNDECLARED_SELECTOR = YES;
				GCC_WARN_UNINITIALIZED_AUTOS = YES_AGGRESSIVE;
				GCC_WARN_UNUSED_FUNCTION = YES;
				GCC_WARN_UNUSED_VARIABLE = YES;
				IPHONEOS_DEPLOYMENT_TARGET = 8.1;
				MTL_ENABLE_DEBUG_INFO = YES;
				ONLY_ACTIVE_ARCH = YES;
				SDKROOT = iphoneos;
			};
			name = Debug;
		};
		952BDB851A0C4F0500C67BB5 /* Release */ = {
			isa = XCBuildConfiguration;
			buildSettings = {
				ALWAYS_SEARCH_USER_PATHS = NO;
				CLANG_CXX_LANGUAGE_STANDARD = "gnu++0x";
				CLANG_CXX_LIBRARY = "libc++";
				CLANG_ENABLE_MODULES = YES;
				CLANG_ENABLE_OBJC_ARC = YES;
				CLANG_WARN_BOOL_CONVERSION = YES;
				CLANG_WARN_CONSTANT_CONVERSION = YES;
				CLANG_WARN_DIRECT_OBJC_ISA_USAGE = YES_ERROR;
				CLANG_WARN_EMPTY_BODY = YES;
				CLANG_WARN_ENUM_CONVERSION = YES;
				CLANG_WARN_INT_CONVERSION = YES;
				CLANG_WARN_OBJC_ROOT_CLASS = YES_ERROR;
				CLANG_WARN_UNREACHABLE_CODE = YES;
				CLANG_WARN__DUPLICATE_METHOD_MATCH = YES;
				"CODE_SIGN_IDENTITY[sdk=iphoneos*]" = "iPhone Developer";
				COPY_PHASE_STRIP = YES;
				ENABLE_NS_ASSERTIONS = NO;
				ENABLE_STRICT_OBJC_MSGSEND = YES;
				GCC_C_LANGUAGE_STANDARD = gnu99;
				GCC_WARN_64_TO_32_BIT_CONVERSION = YES;
				GCC_WARN_ABOUT_RETURN_TYPE = YES_ERROR;
				GCC_WARN_UNDECLARED_SELECTOR = YES;
				GCC_WARN_UNINITIALIZED_AUTOS = YES_AGGRESSIVE;
				GCC_WARN_UNUSED_FUNCTION = YES;
				GCC_WARN_UNUSED_VARIABLE = YES;
				IPHONEOS_DEPLOYMENT_TARGET = 8.1;
				MTL_ENABLE_DEBUG_INFO = NO;
				SDKROOT = iphoneos;
				VALIDATE_PRODUCT = YES;
			};
			name = Release;
		};
		952BDB871A0C4F0500C67BB5 /* Debug */ = {
			isa = XCBuildConfiguration;
			buildSettings = {
				ASSETCATALOG_COMPILER_APPICON_NAME = AppIcon;
				CODE_SIGN_IDENTITY = "iPhone Developer";
				FRAMEWORK_SEARCH_PATHS = (
					"$(inherited)",
					/Users/Shared/Firebase/Frameworks,
					"$(PROJECT_DIR)",
				);
				GCC_PREFIX_HEADER = "Pull-Prefix.pch";
				INFOPLIST_FILE = "Pull/Supporting Files/Info.plist";
				IPHONEOS_DEPLOYMENT_TARGET = 7.0;
				LD_RUNPATH_SEARCH_PATHS = "$(inherited) @executable_path/Frameworks";
				OTHER_LDFLAGS = (
					"-ObjC",
					"-licucore",
					"-lc++",
				);
				PRODUCT_NAME = "$(TARGET_NAME)";
			};
			name = Debug;
		};
		952BDB881A0C4F0500C67BB5 /* Release */ = {
			isa = XCBuildConfiguration;
			buildSettings = {
				ASSETCATALOG_COMPILER_APPICON_NAME = AppIcon;
				CODE_SIGN_IDENTITY = "iPhone Developer";
				FRAMEWORK_SEARCH_PATHS = (
					"$(inherited)",
					/Users/Shared/Firebase/Frameworks,
					"$(PROJECT_DIR)",
				);
				GCC_PREFIX_HEADER = "Pull-Prefix.pch";
				INFOPLIST_FILE = "Pull/Supporting Files/Info.plist";
				IPHONEOS_DEPLOYMENT_TARGET = 7.0;
				LD_RUNPATH_SEARCH_PATHS = "$(inherited) @executable_path/Frameworks";
				OTHER_LDFLAGS = (
					"-ObjC",
					"-licucore",
					"-lc++",
				);
				PRODUCT_NAME = "$(TARGET_NAME)";
			};
			name = Release;
		};
		952BDB8A1A0C4F0500C67BB5 /* Debug */ = {
			isa = XCBuildConfiguration;
			buildSettings = {
				BUNDLE_LOADER = "$(TEST_HOST)";
				FRAMEWORK_SEARCH_PATHS = (
					"$(SDKROOT)/Developer/Library/Frameworks",
					"$(inherited)",
				);
				GCC_PREPROCESSOR_DEFINITIONS = (
					"DEBUG=1",
					"$(inherited)",
				);
				INFOPLIST_FILE = "PullTests/Supporting Files/Info.plist";
				LD_RUNPATH_SEARCH_PATHS = "$(inherited) @executable_path/Frameworks @loader_path/Frameworks";
				PRODUCT_NAME = "$(TARGET_NAME)";
				TEST_HOST = "$(BUILT_PRODUCTS_DIR)/Pull.app/Pull";
			};
			name = Debug;
		};
		952BDB8B1A0C4F0500C67BB5 /* Release */ = {
			isa = XCBuildConfiguration;
			buildSettings = {
				BUNDLE_LOADER = "$(TEST_HOST)";
				FRAMEWORK_SEARCH_PATHS = (
					"$(SDKROOT)/Developer/Library/Frameworks",
					"$(inherited)",
				);
				INFOPLIST_FILE = "PullTests/Supporting Files/Info.plist";
				LD_RUNPATH_SEARCH_PATHS = "$(inherited) @executable_path/Frameworks @loader_path/Frameworks";
				PRODUCT_NAME = "$(TARGET_NAME)";
				TEST_HOST = "$(BUILT_PRODUCTS_DIR)/Pull.app/Pull";
			};
			name = Release;
		};
/* End XCBuildConfiguration section */

/* Begin XCConfigurationList section */
		952BDB551A0C4F0500C67BB5 /* Build configuration list for PBXProject "Pull" */ = {
			isa = XCConfigurationList;
			buildConfigurations = (
				952BDB841A0C4F0500C67BB5 /* Debug */,
				952BDB851A0C4F0500C67BB5 /* Release */,
			);
			defaultConfigurationIsVisible = 0;
			defaultConfigurationName = Release;
		};
		952BDB861A0C4F0500C67BB5 /* Build configuration list for PBXNativeTarget "Pull" */ = {
			isa = XCConfigurationList;
			buildConfigurations = (
				952BDB871A0C4F0500C67BB5 /* Debug */,
				952BDB881A0C4F0500C67BB5 /* Release */,
			);
			defaultConfigurationIsVisible = 0;
			defaultConfigurationName = Release;
		};
		952BDB891A0C4F0500C67BB5 /* Build configuration list for PBXNativeTarget "PullTests" */ = {
			isa = XCConfigurationList;
			buildConfigurations = (
				952BDB8A1A0C4F0500C67BB5 /* Debug */,
				952BDB8B1A0C4F0500C67BB5 /* Release */,
			);
			defaultConfigurationIsVisible = 0;
			defaultConfigurationName = Release;
		};
/* End XCConfigurationList section */
	};
	rootObject = 952BDB521A0C4F0500C67BB5 /* Project object */;
}
