// !$*UTF8*$!
{
	archiveVersion = 1;
	classes = {
	};
	objectVersion = 46;
	objects = {

/* Begin PBXBuildFile section */
		952BDB5E1A0C4F0500C67BB5 /* CFNetwork.framework in Frameworks */ = {isa = PBXBuildFile; fileRef = 952BDB5D1A0C4F0500C67BB5 /* CFNetwork.framework */; };
		952BDB601A0C4F0500C67BB5 /* Security.framework in Frameworks */ = {isa = PBXBuildFile; fileRef = 952BDB5F1A0C4F0500C67BB5 /* Security.framework */; };
		952BDB621A0C4F0500C67BB5 /* SystemConfiguration.framework in Frameworks */ = {isa = PBXBuildFile; fileRef = 952BDB611A0C4F0500C67BB5 /* SystemConfiguration.framework */; };
		952BDB671A0C4F0500C67BB5 /* main.m in Sources */ = {isa = PBXBuildFile; fileRef = 952BDB661A0C4F0500C67BB5 /* main.m */; };
		952BDB6A1A0C4F0500C67BB5 /* AppDelegate.m in Sources */ = {isa = PBXBuildFile; fileRef = 952BDB691A0C4F0500C67BB5 /* AppDelegate.m */; };
		952BDB6D1A0C4F0500C67BB5 /* Main.storyboard in Resources */ = {isa = PBXBuildFile; fileRef = 952BDB6B1A0C4F0500C67BB5 /* Main.storyboard */; };
		952BDB701A0C4F0500C67BB5 /* ___VARIABLE_classPrefix:identifier___ViewController.m in Sources */ = {isa = PBXBuildFile; fileRef = 952BDB6F1A0C4F0500C67BB5 /* ___VARIABLE_classPrefix:identifier___ViewController.m */; };
		952BDB721A0C4F0500C67BB5 /* Firebase.framework in Frameworks */ = {isa = PBXBuildFile; fileRef = 952BDB711A0C4F0500C67BB5 /* Firebase.framework */; };
		952BDB741A0C4F0500C67BB5 /* Images.xcassets in Resources */ = {isa = PBXBuildFile; fileRef = 952BDB731A0C4F0500C67BB5 /* Images.xcassets */; };
		952BDB771A0C4F0500C67BB5 /* LaunchScreen.xib in Resources */ = {isa = PBXBuildFile; fileRef = 952BDB751A0C4F0500C67BB5 /* LaunchScreen.xib */; };
		952BDB831A0C4F0500C67BB5 /* PullTests.m in Sources */ = {isa = PBXBuildFile; fileRef = 952BDB821A0C4F0500C67BB5 /* PullTests.m */; };
/* End PBXBuildFile section */

/* Begin PBXContainerItemProxy section */
		952BDB7D1A0C4F0500C67BB5 /* PBXContainerItemProxy */ = {
			isa = PBXContainerItemProxy;
			containerPortal = 952BDB521A0C4F0500C67BB5 /* Project object */;
			proxyType = 1;
			remoteGlobalIDString = 952BDB591A0C4F0500C67BB5;
			remoteInfo = Pull;
		};
/* End PBXContainerItemProxy section */

/* Begin PBXFileReference section */
		952BDB5A1A0C4F0500C67BB5 /* Pull.app */ = {isa = PBXFileReference; explicitFileType = wrapper.application; includeInIndex = 0; path = Pull.app; sourceTree = BUILT_PRODUCTS_DIR; };
		952BDB5D1A0C4F0500C67BB5 /* CFNetwork.framework */ = {isa = PBXFileReference; lastKnownFileType = wrapper.framework; name = CFNetwork.framework; path = System/Library/Frameworks/CFNetwork.framework; sourceTree = SDKROOT; };
		952BDB5F1A0C4F0500C67BB5 /* Security.framework */ = {isa = PBXFileReference; lastKnownFileType = wrapper.framework; name = Security.framework; path = System/Library/Frameworks/Security.framework; sourceTree = SDKROOT; };
		952BDB611A0C4F0500C67BB5 /* SystemConfiguration.framework */ = {isa = PBXFileReference; lastKnownFileType = wrapper.framework; name = SystemConfiguration.framework; path = System/Library/Frameworks/SystemConfiguration.framework; sourceTree = SDKROOT; };
		952BDB651A0C4F0500C67BB5 /* Info.plist */ = {isa = PBXFileReference; lastKnownFileType = text.plist.xml; path = Info.plist; sourceTree = "<group>"; };
		952BDB661A0C4F0500C67BB5 /* main.m */ = {isa = PBXFileReference; lastKnownFileType = sourcecode.c.objc; path = main.m; sourceTree = "<group>"; };
		952BDB681A0C4F0500C67BB5 /* AppDelegate.h */ = {isa = PBXFileReference; lastKnownFileType = sourcecode.c.h; path = AppDelegate.h; sourceTree = "<group>"; };
		952BDB691A0C4F0500C67BB5 /* AppDelegate.m */ = {isa = PBXFileReference; lastKnownFileType = sourcecode.c.objc; path = AppDelegate.m; sourceTree = "<group>"; };
		952BDB6C1A0C4F0500C67BB5 /* Base */ = {isa = PBXFileReference; lastKnownFileType = file.storyboard; name = Base; path = Base.lproj/Main.storyboard; sourceTree = "<group>"; };
		952BDB6E1A0C4F0500C67BB5 /* ___VARIABLE_classPrefix:identifier___ViewController.h */ = {isa = PBXFileReference; lastKnownFileType = sourcecode.c.h; path = "___VARIABLE_classPrefix:identifier___ViewController.h"; sourceTree = "<group>"; };
		952BDB6F1A0C4F0500C67BB5 /* ___VARIABLE_classPrefix:identifier___ViewController.m */ = {isa = PBXFileReference; lastKnownFileType = sourcecode.c.objc; path = "___VARIABLE_classPrefix:identifier___ViewController.m"; sourceTree = "<group>"; };
		952BDB711A0C4F0500C67BB5 /* Firebase.framework */ = {isa = PBXFileReference; lastKnownFileType = wrapper.framework; name = Firebase.framework; path = /Users/Shared/Firebase/Frameworks/Firebase.framework; sourceTree = "<absolute>"; };
		952BDB731A0C4F0500C67BB5 /* Images.xcassets */ = {isa = PBXFileReference; lastKnownFileType = folder.assetcatalog; path = Images.xcassets; sourceTree = "<group>"; };
		952BDB761A0C4F0500C67BB5 /* Base */ = {isa = PBXFileReference; lastKnownFileType = file.xib; name = Base; path = Base.lproj/LaunchScreen.xib; sourceTree = "<group>"; };
		952BDB7C1A0C4F0500C67BB5 /* PullTests.xctest */ = {isa = PBXFileReference; explicitFileType = wrapper.cfbundle; includeInIndex = 0; path = PullTests.xctest; sourceTree = BUILT_PRODUCTS_DIR; };
		952BDB811A0C4F0500C67BB5 /* Info.plist */ = {isa = PBXFileReference; lastKnownFileType = text.plist.xml; path = Info.plist; sourceTree = "<group>"; };
		952BDB821A0C4F0500C67BB5 /* PullTests.m */ = {isa = PBXFileReference; lastKnownFileType = sourcecode.c.objc; path = PullTests.m; sourceTree = "<group>"; };
/* End PBXFileReference section */

/* Begin PBXFrameworksBuildPhase section */
		952BDB571A0C4F0500C67BB5 /* Frameworks */ = {
			isa = PBXFrameworksBuildPhase;
			buildActionMask = 2147483647;
			files = (
				952BDB601A0C4F0500C67BB5 /* Security.framework in Frameworks */,
				952BDB621A0C4F0500C67BB5 /* SystemConfiguration.framework in Frameworks */,
				952BDB5E1A0C4F0500C67BB5 /* CFNetwork.framework in Frameworks */,
				952BDB721A0C4F0500C67BB5 /* Firebase.framework in Frameworks */,
			);
			runOnlyForDeploymentPostprocessing = 0;
		};
		952BDB791A0C4F0500C67BB5 /* Frameworks */ = {
			isa = PBXFrameworksBuildPhase;
			buildActionMask = 2147483647;
			files = (
			);
			runOnlyForDeploymentPostprocessing = 0;
		};
/* End PBXFrameworksBuildPhase section */

/* Begin PBXGroup section */
		952BDB511A0C4F0500C67BB5 = {
			isa = PBXGroup;
			children = (
				952BDB631A0C4F0500C67BB5 /* Pull */,
				952BDB7F1A0C4F0500C67BB5 /* PullTests */,
				952BDB5C1A0C4F0500C67BB5 /* Frameworks */,
				952BDB5B1A0C4F0500C67BB5 /* Products */,
			);
			sourceTree = "<group>";
		};
		952BDB5B1A0C4F0500C67BB5 /* Products */ = {
			isa = PBXGroup;
			children = (
				952BDB5A1A0C4F0500C67BB5 /* Pull.app */,
				952BDB7C1A0C4F0500C67BB5 /* PullTests.xctest */,
			);
			name = Products;
			sourceTree = "<group>";
		};
		952BDB5C1A0C4F0500C67BB5 /* Frameworks */ = {
			isa = PBXGroup;
			children = (
				952BDB5D1A0C4F0500C67BB5 /* CFNetwork.framework */,
				952BDB5F1A0C4F0500C67BB5 /* Security.framework */,
				952BDB611A0C4F0500C67BB5 /* SystemConfiguration.framework */,
			);
			name = Frameworks;
			sourceTree = "<group>";
		};
		952BDB631A0C4F0500C67BB5 /* Pull */ = {
			isa = PBXGroup;
			children = (
				952BDB681A0C4F0500C67BB5 /* AppDelegate.h */,
				952BDB691A0C4F0500C67BB5 /* AppDelegate.m */,
				952BDB6B1A0C4F0500C67BB5 /* Main.storyboard */,
				952BDB6E1A0C4F0500C67BB5 /* ___VARIABLE_classPrefix:identifier___ViewController.h */,
				952BDB6F1A0C4F0500C67BB5 /* ___VARIABLE_classPrefix:identifier___ViewController.m */,
				952BDB711A0C4F0500C67BB5 /* Firebase.framework */,
				952BDB731A0C4F0500C67BB5 /* Images.xcassets */,
				952BDB751A0C4F0500C67BB5 /* LaunchScreen.xib */,
				952BDB641A0C4F0500C67BB5 /* Supporting Files */,
			);
			path = Pull;
			sourceTree = "<group>";
		};
		952BDB641A0C4F0500C67BB5 /* Supporting Files */ = {
			isa = PBXGroup;
			children = (
				952BDB651A0C4F0500C67BB5 /* Info.plist */,
				952BDB661A0C4F0500C67BB5 /* main.m */,
			);
			name = "Supporting Files";
			sourceTree = "<group>";
		};
		952BDB7F1A0C4F0500C67BB5 /* PullTests */ = {
			isa = PBXGroup;
			children = (
				952BDB821A0C4F0500C67BB5 /* PullTests.m */,
				952BDB801A0C4F0500C67BB5 /* Supporting Files */,
			);
			path = PullTests;
			sourceTree = "<group>";
		};
		952BDB801A0C4F0500C67BB5 /* Supporting Files */ = {
			isa = PBXGroup;
			children = (
				952BDB811A0C4F0500C67BB5 /* Info.plist */,
			);
			name = "Supporting Files";
			sourceTree = "<group>";
		};
/* End PBXGroup section */

/* Begin PBXNativeTarget section */
		952BDB591A0C4F0500C67BB5 /* Pull */ = {
			isa = PBXNativeTarget;
			buildConfigurationList = 952BDB861A0C4F0500C67BB5 /* Build configuration list for PBXNativeTarget "Pull" */;
			buildPhases = (
				952BDB561A0C4F0500C67BB5 /* Sources */,
				952BDB571A0C4F0500C67BB5 /* Frameworks */,
				952BDB581A0C4F0500C67BB5 /* Resources */,
			);
			buildRules = (
			);
			dependencies = (
			);
			name = Pull;
			productName = Pull;
			productReference = 952BDB5A1A0C4F0500C67BB5 /* Pull.app */;
			productType = "com.apple.product-type.application";
		};
		952BDB7B1A0C4F0500C67BB5 /* PullTests */ = {
			isa = PBXNativeTarget;
			buildConfigurationList = 952BDB891A0C4F0500C67BB5 /* Build configuration list for PBXNativeTarget "PullTests" */;
			buildPhases = (
				952BDB781A0C4F0500C67BB5 /* Sources */,
				952BDB791A0C4F0500C67BB5 /* Frameworks */,
				952BDB7A1A0C4F0500C67BB5 /* Resources */,
			);
			buildRules = (
			);
			dependencies = (
				952BDB7E1A0C4F0500C67BB5 /* PBXTargetDependency */,
			);
			name = PullTests;
			productName = PullTests;
			productReference = 952BDB7C1A0C4F0500C67BB5 /* PullTests.xctest */;
			productType = "com.apple.product-type.bundle.unit-test";
		};
/* End PBXNativeTarget section */

/* Begin PBXProject section */
		952BDB521A0C4F0500C67BB5 /* Project object */ = {
			isa = PBXProject;
			attributes = {
				LastUpgradeCheck = 0610;
				ORGANIZATIONNAME = "Pull LLC";
				TargetAttributes = {
					952BDB591A0C4F0500C67BB5 = {
						CreatedOnToolsVersion = 6.1;
					};
					952BDB7B1A0C4F0500C67BB5 = {
						CreatedOnToolsVersion = 6.1;
						TestTargetID = 952BDB591A0C4F0500C67BB5;
					};
				};
			};
			buildConfigurationList = 952BDB551A0C4F0500C67BB5 /* Build configuration list for PBXProject "Pull" */;
			compatibilityVersion = "Xcode 3.2";
			developmentRegion = English;
			hasScannedForEncodings = 0;
			knownRegions = (
				en,
				Base,
			);
			mainGroup = 952BDB511A0C4F0500C67BB5;
			productRefGroup = 952BDB5B1A0C4F0500C67BB5 /* Products */;
			projectDirPath = "";
			projectRoot = "";
			targets = (
				952BDB591A0C4F0500C67BB5 /* Pull */,
				952BDB7B1A0C4F0500C67BB5 /* PullTests */,
			);
		};
/* End PBXProject section */

/* Begin PBXResourcesBuildPhase section */
		952BDB581A0C4F0500C67BB5 /* Resources */ = {
			isa = PBXResourcesBuildPhase;
			buildActionMask = 2147483647;
			files = (
				952BDB6D1A0C4F0500C67BB5 /* Main.storyboard in Resources */,
				952BDB771A0C4F0500C67BB5 /* LaunchScreen.xib in Resources */,
				952BDB741A0C4F0500C67BB5 /* Images.xcassets in Resources */,
			);
			runOnlyForDeploymentPostprocessing = 0;
		};
		952BDB7A1A0C4F0500C67BB5 /* Resources */ = {
			isa = PBXResourcesBuildPhase;
			buildActionMask = 2147483647;
			files = (
			);
			runOnlyForDeploymentPostprocessing = 0;
		};
/* End PBXResourcesBuildPhase section */

/* Begin PBXSourcesBuildPhase section */
		952BDB561A0C4F0500C67BB5 /* Sources */ = {
			isa = PBXSourcesBuildPhase;
			buildActionMask = 2147483647;
			files = (
				952BDB6A1A0C4F0500C67BB5 /* AppDelegate.m in Sources */,
				952BDB671A0C4F0500C67BB5 /* main.m in Sources */,
				952BDB701A0C4F0500C67BB5 /* ___VARIABLE_classPrefix:identifier___ViewController.m in Sources */,
			);
			runOnlyForDeploymentPostprocessing = 0;
		};
		952BDB781A0C4F0500C67BB5 /* Sources */ = {
			isa = PBXSourcesBuildPhase;
			buildActionMask = 2147483647;
			files = (
				952BDB831A0C4F0500C67BB5 /* PullTests.m in Sources */,
			);
			runOnlyForDeploymentPostprocessing = 0;
		};
/* End PBXSourcesBuildPhase section */

/* Begin PBXTargetDependency section */
		952BDB7E1A0C4F0500C67BB5 /* PBXTargetDependency */ = {
			isa = PBXTargetDependency;
			target = 952BDB591A0C4F0500C67BB5 /* Pull */;
			targetProxy = 952BDB7D1A0C4F0500C67BB5 /* PBXContainerItemProxy */;
		};
/* End PBXTargetDependency section */

/* Begin PBXVariantGroup section */
		952BDB6B1A0C4F0500C67BB5 /* Main.storyboard */ = {
			isa = PBXVariantGroup;
			children = (
				952BDB6C1A0C4F0500C67BB5 /* Base */,
			);
			name = Main.storyboard;
			sourceTree = "<group>";
		};
		952BDB751A0C4F0500C67BB5 /* LaunchScreen.xib */ = {
			isa = PBXVariantGroup;
			children = (
				952BDB761A0C4F0500C67BB5 /* Base */,
			);
			name = LaunchScreen.xib;
			sourceTree = "<group>";
		};
/* End PBXVariantGroup section */

/* Begin XCBuildConfiguration section */
		952BDB841A0C4F0500C67BB5 /* Debug */ = {
			isa = XCBuildConfiguration;
			buildSettings = {
				ALWAYS_SEARCH_USER_PATHS = NO;
				CLANG_CXX_LANGUAGE_STANDARD = "gnu++0x";
				CLANG_CXX_LIBRARY = "libc++";
				CLANG_ENABLE_MODULES = YES;
				CLANG_ENABLE_OBJC_ARC = YES;
				CLANG_WARN_BOOL_CONVERSION = YES;
				CLANG_WARN_CONSTANT_CONVERSION = YES;
				CLANG_WARN_DIRECT_OBJC_ISA_USAGE = YES_ERROR;
				CLANG_WARN_EMPTY_BODY = YES;
				CLANG_WARN_ENUM_CONVERSION = YES;
				CLANG_WARN_INT_CONVERSION = YES;
				CLANG_WARN_OBJC_ROOT_CLASS = YES_ERROR;
				CLANG_WARN_UNREACHABLE_CODE = YES;
				CLANG_WARN__DUPLICATE_METHOD_MATCH = YES;
				"CODE_SIGN_IDENTITY[sdk=iphoneos*]" = "iPhone Developer";
				COPY_PHASE_STRIP = NO;
				ENABLE_STRICT_OBJC_MSGSEND = YES;
				GCC_C_LANGUAGE_STANDARD = gnu99;
				GCC_DYNAMIC_NO_PIC = NO;
				GCC_OPTIMIZATION_LEVEL = 0;
				GCC_PREPROCESSOR_DEFINITIONS = (
					"DEBUG=1",
					"$(inherited)",
				);
				GCC_SYMBOLS_PRIVATE_EXTERN = NO;
				GCC_WARN_64_TO_32_BIT_CONVERSION = YES;
				GCC_WARN_ABOUT_RETURN_TYPE = YES_ERROR;
				GCC_WARN_UNDECLARED_SELECTOR = YES;
				GCC_WARN_UNINITIALIZED_AUTOS = YES_AGGRESSIVE;
				GCC_WARN_UNUSED_FUNCTION = YES;
				GCC_WARN_UNUSED_VARIABLE = YES;
				IPHONEOS_DEPLOYMENT_TARGET = 8.1;
				MTL_ENABLE_DEBUG_INFO = YES;
				ONLY_ACTIVE_ARCH = YES;
				SDKROOT = iphoneos;
			};
			name = Debug;
		};
		952BDB851A0C4F0500C67BB5 /* Release */ = {
			isa = XCBuildConfiguration;
			buildSettings = {
				ALWAYS_SEARCH_USER_PATHS = NO;
				CLANG_CXX_LANGUAGE_STANDARD = "gnu++0x";
				CLANG_CXX_LIBRARY = "libc++";
				CLANG_ENABLE_MODULES = YES;
				CLANG_ENABLE_OBJC_ARC = YES;
				CLANG_WARN_BOOL_CONVERSION = YES;
				CLANG_WARN_CONSTANT_CONVERSION = YES;
				CLANG_WARN_DIRECT_OBJC_ISA_USAGE = YES_ERROR;
				CLANG_WARN_EMPTY_BODY = YES;
				CLANG_WARN_ENUM_CONVERSION = YES;
				CLANG_WARN_INT_CONVERSION = YES;
				CLANG_WARN_OBJC_ROOT_CLASS = YES_ERROR;
				CLANG_WARN_UNREACHABLE_CODE = YES;
				CLANG_WARN__DUPLICATE_METHOD_MATCH = YES;
				"CODE_SIGN_IDENTITY[sdk=iphoneos*]" = "iPhone Developer";
				COPY_PHASE_STRIP = YES;
				ENABLE_NS_ASSERTIONS = NO;
				ENABLE_STRICT_OBJC_MSGSEND = YES;
				GCC_C_LANGUAGE_STANDARD = gnu99;
				GCC_WARN_64_TO_32_BIT_CONVERSION = YES;
				GCC_WARN_ABOUT_RETURN_TYPE = YES_ERROR;
				GCC_WARN_UNDECLARED_SELECTOR = YES;
				GCC_WARN_UNINITIALIZED_AUTOS = YES_AGGRESSIVE;
				GCC_WARN_UNUSED_FUNCTION = YES;
				GCC_WARN_UNUSED_VARIABLE = YES;
				IPHONEOS_DEPLOYMENT_TARGET = 8.1;
				MTL_ENABLE_DEBUG_INFO = NO;
				SDKROOT = iphoneos;
				VALIDATE_PRODUCT = YES;
			};
			name = Release;
		};
		952BDB871A0C4F0500C67BB5 /* Debug */ = {
			isa = XCBuildConfiguration;
			buildSettings = {
				ASSETCATALOG_COMPILER_APPICON_NAME = AppIcon;
				FRAMEWORK_SEARCH_PATHS = (
					"$(inherited)",
					/Users/Shared/Firebase/Frameworks,
				);
				INFOPLIST_FILE = Pull/Info.plist;
				LD_RUNPATH_SEARCH_PATHS = "$(inherited) @executable_path/Frameworks";
				OTHER_LDFLAGS = (
					"-ObjC",
					"-licucore",
					"-lc++",
				);
				PRODUCT_NAME = "$(TARGET_NAME)";
			};
			name = Debug;
		};
		952BDB881A0C4F0500C67BB5 /* Release */ = {
			isa = XCBuildConfiguration;
			buildSettings = {
				ASSETCATALOG_COMPILER_APPICON_NAME = AppIcon;
				FRAMEWORK_SEARCH_PATHS = (
					"$(inherited)",
					/Users/Shared/Firebase/Frameworks,
				);
				INFOPLIST_FILE = Pull/Info.plist;
				LD_RUNPATH_SEARCH_PATHS = "$(inherited) @executable_path/Frameworks";
				OTHER_LDFLAGS = (
					"-ObjC",
					"-licucore",
					"-lc++",
				);
				PRODUCT_NAME = "$(TARGET_NAME)";
			};
			name = Release;
		};
		952BDB8A1A0C4F0500C67BB5 /* Debug */ = {
			isa = XCBuildConfiguration;
			buildSettings = {
				BUNDLE_LOADER = "$(TEST_HOST)";
				FRAMEWORK_SEARCH_PATHS = (
					"$(SDKROOT)/Developer/Library/Frameworks",
					"$(inherited)",
				);
				GCC_PREPROCESSOR_DEFINITIONS = (
					"DEBUG=1",
					"$(inherited)",
				);
				INFOPLIST_FILE = PullTests/Info.plist;
				LD_RUNPATH_SEARCH_PATHS = "$(inherited) @executable_path/Frameworks @loader_path/Frameworks";
				PRODUCT_NAME = "$(TARGET_NAME)";
				TEST_HOST = "$(BUILT_PRODUCTS_DIR)/Pull.app/Pull";
			};
			name = Debug;
		};
		952BDB8B1A0C4F0500C67BB5 /* Release */ = {
			isa = XCBuildConfiguration;
			buildSettings = {
				BUNDLE_LOADER = "$(TEST_HOST)";
				FRAMEWORK_SEARCH_PATHS = (
					"$(SDKROOT)/Developer/Library/Frameworks",
					"$(inherited)",
				);
				INFOPLIST_FILE = PullTests/Info.plist;
				LD_RUNPATH_SEARCH_PATHS = "$(inherited) @executable_path/Frameworks @loader_path/Frameworks";
				PRODUCT_NAME = "$(TARGET_NAME)";
				TEST_HOST = "$(BUILT_PRODUCTS_DIR)/Pull.app/Pull";
			};
			name = Release;
		};
/* End XCBuildConfiguration section */

/* Begin XCConfigurationList section */
		952BDB551A0C4F0500C67BB5 /* Build configuration list for PBXProject "Pull" */ = {
			isa = XCConfigurationList;
			buildConfigurations = (
				952BDB841A0C4F0500C67BB5 /* Debug */,
				952BDB851A0C4F0500C67BB5 /* Release */,
			);
			defaultConfigurationIsVisible = 0;
			defaultConfigurationName = Release;
		};
		952BDB861A0C4F0500C67BB5 /* Build configuration list for PBXNativeTarget "Pull" */ = {
			isa = XCConfigurationList;
			buildConfigurations = (
				952BDB871A0C4F0500C67BB5 /* Debug */,
				952BDB881A0C4F0500C67BB5 /* Release */,
			);
			defaultConfigurationIsVisible = 0;
		};
		952BDB891A0C4F0500C67BB5 /* Build configuration list for PBXNativeTarget "PullTests" */ = {
			isa = XCConfigurationList;
			buildConfigurations = (
				952BDB8A1A0C4F0500C67BB5 /* Debug */,
				952BDB8B1A0C4F0500C67BB5 /* Release */,
			);
			defaultConfigurationIsVisible = 0;
		};
/* End XCConfigurationList section */
	};
	rootObject = 952BDB521A0C4F0500C67BB5 /* Project object */;
}
